
Microsoft Visual Studio Solution File, Format Version 12.00
# Visual Studio Version 16
VisualStudioVersion = 16.0.30503.244
MinimumVisualStudioVersion = 10.0.40219.1
Project("{FAE04EC0-301F-11D3-BF4B-00C04F79EFBC}") = "ProfileBook", "ProfileBook\ProfileBook\ProfileBook.csproj", "{0EE53B94-56C8-4FCB-BF4B-A5C96FB685A7}"
EndProject
Project("{FAE04EC0-301F-11D3-BF4B-00C04F79EFBC}") = "ProfileBook.Android", "ProfileBook\ProfileBook.Android\ProfileBook.Android.csproj", "{21D29971-CDF1-4E23-A5E7-73F742C441F5}"
EndProject
Global
	GlobalSection(SolutionConfigurationPlatforms) = preSolution
		Debug|Any CPU = Debug|Any CPU
		Release|Any CPU = Release|Any CPU
	EndGlobalSection
	GlobalSection(ProjectConfigurationPlatforms) = postSolution
		{0EE53B94-56C8-4FCB-BF4B-A5C96FB685A7}.Debug|Any CPU.ActiveCfg = Debug|Any CPU
		{0EE53B94-56C8-4FCB-BF4B-A5C96FB685A7}.Debug|Any CPU.Build.0 = Debug|Any CPU
		{0EE53B94-56C8-4FCB-BF4B-A5C96FB685A7}.Release|Any CPU.ActiveCfg = Release|Any CPU
		{0EE53B94-56C8-4FCB-BF4B-A5C96FB685A7}.Release|Any CPU.Build.0 = Release|Any CPU
		{21D29971-CDF1-4E23-A5E7-73F742C441F5}.Debug|Any CPU.ActiveCfg = Debug|Any CPU
		{21D29971-CDF1-4E23-A5E7-73F742C441F5}.Debug|Any CPU.Build.0 = Debug|Any CPU
		{21D29971-CDF1-4E23-A5E7-73F742C441F5}.Debug|Any CPU.Deploy.0 = Debug|Any CPU
		{21D29971-CDF1-4E23-A5E7-73F742C441F5}.Release|Any CPU.ActiveCfg = Release|Any CPU
		{21D29971-CDF1-4E23-A5E7-73F742C441F5}.Release|Any CPU.Build.0 = Release|Any CPU
		{21D29971-CDF1-4E23-A5E7-73F742C441F5}.Release|Any CPU.Deploy.0 = Release|Any CPU
	EndGlobalSection
	GlobalSection(SolutionProperties) = preSolution
		HideSolutionNode = FALSE
	EndGlobalSection
	GlobalSection(ExtensibilityGlobals) = postSolution
		SolutionGuid = {CBA6E463-B925-4A67-A266-906743E86206}
	EndGlobalSection
EndGlobal
